
Microsoft Visual Studio Solution File, Format Version 12.00
# Visual Studio Version 17
VisualStudioVersion = 17.3.32929.385
MinimumVisualStudioVersion = 10.0.40219.1
Project("{FAE04EC0-301F-11D3-BF4B-00C04F79EFBC}") = "PremierExercice", "PremierExercice\PremierExercice.csproj", "{11173548-7D95-46A9-900C-A81956E7D36E}"
EndProject
Global
	GlobalSection(SolutionConfigurationPlatforms) = preSolution
		Debug|Any CPU = Debug|Any CPU
		Release|Any CPU = Release|Any CPU
	EndGlobalSection
	GlobalSection(ProjectConfigurationPlatforms) = postSolution
		{11173548-7D95-46A9-900C-A81956E7D36E}.Debug|Any CPU.ActiveCfg = Debug|Any CPU
		{11173548-7D95-46A9-900C-A81956E7D36E}.Debug|Any CPU.Build.0 = Debug|Any CPU
		{11173548-7D95-46A9-900C-A81956E7D36E}.Release|Any CPU.ActiveCfg = Release|Any CPU
		{11173548-7D95-46A9-900C-A81956E7D36E}.Release|Any CPU.Build.0 = Release|Any CPU
	EndGlobalSection
	GlobalSection(SolutionProperties) = preSolution
		HideSolutionNode = FALSE
	EndGlobalSection
	GlobalSection(ExtensibilityGlobals) = postSolution
		SolutionGuid = {78E026A9-8788-4A6B-8CA6-E2C11C96F6EB}
	EndGlobalSection
EndGlobal
